
Microsoft Visual Studio Solution File, Format Version 12.00
# Visual Studio Version 17
VisualStudioVersion = 17.4.33205.214
MinimumVisualStudioVersion = 10.0.40219.1
Project("{FAE04EC0-301F-11D3-BF4B-00C04F79EFBC}") = "EmailAppDemo", "EmailAppDemo\EmailAppDemo.csproj", "{90F91D23-A194-4F1D-A06D-7947C1362D4F}"
EndProject
Global
	GlobalSection(SolutionConfigurationPlatforms) = preSolution
		Debug|Any CPU = Debug|Any CPU
		Release|Any CPU = Release|Any CPU
	EndGlobalSection
	GlobalSection(ProjectConfigurationPlatforms) = postSolution
		{90F91D23-A194-4F1D-A06D-7947C1362D4F}.Debug|Any CPU.ActiveCfg = Debug|Any CPU
		{90F91D23-A194-4F1D-A06D-7947C1362D4F}.Debug|Any CPU.Build.0 = Debug|Any CPU
		{90F91D23-A194-4F1D-A06D-7947C1362D4F}.Release|Any CPU.ActiveCfg = Release|Any CPU
		{90F91D23-A194-4F1D-A06D-7947C1362D4F}.Release|Any CPU.Build.0 = Release|Any CPU
	EndGlobalSection
	GlobalSection(SolutionProperties) = preSolution
		HideSolutionNode = FALSE
	EndGlobalSection
	GlobalSection(ExtensibilityGlobals) = postSolution
		SolutionGuid = {473D2F89-CA58-460A-8FA2-C02EC8C6DEA9}
	EndGlobalSection
EndGlobal
